<?xml version="1.0" encoding="utf-8"?>
<Project ToolsVersion="17.0" xmlns="http://schemas.microsoft.com/developer/msbuild/2003">
  <ItemGroup>
    <ClCompile Include="C:\Workspace\exe1\WS\WS02\OOP\degree_level.cpp">
      <Filter>Source Files</Filter>
    </ClCompile>
    <ClCompile Include="C:\Workspace\exe1\WS\WS02\OOP\main.cpp">
      <Filter>Source Files</Filter>
    </ClCompile>
    <ClCompile Include="C:\Workspace\exe1\WS\WS02\OOP\person.cpp">
      <Filter>Source Files</Filter>
    </ClCompile>
    <ClCompile Include="C:\Workspace\exe1\WS\WS02\OOP\role.cpp">
      <Filter>Source Files</Filter>
    </ClCompile>
    <ClCompile Include="C:\Workspace\exe1\WS\WS02\OOP\student.cpp">
      <Filter>Source Files</Filter>
    </ClCompile>
    <ClCompile Include="C:\Workspace\exe1\WS\WS02\OOP\worker.cpp">
      <Filter>Source Files</Filter>
    </ClCompile>
  </ItemGroup>
  <ItemGroup>
    <ClInclude Include="C:\Workspace\exe1\WS\WS02\OOP\degree_level.h">
      <Filter>Header Files</Filter>
    </ClInclude>
    <ClInclude Include="C:\Workspace\exe1\WS\WS02\OOP\person.h">
      <Filter>Header Files</Filter>
    </ClInclude>
    <ClInclude Include="C:\Workspace\exe1\WS\WS02\OOP\role_level.h">
      <Filter>Header Files</Filter>
    </ClInclude>
    <ClInclude Include="C:\Workspace\exe1\WS\WS02\OOP\student.h">
      <Filter>Header Files</Filter>
    </ClInclude>
    <ClInclude Include="C:\Workspace\exe1\WS\WS02\OOP\worker.h">
      <Filter>Header Files</Filter>
    </ClInclude>
  </ItemGroup>
  <ItemGroup>
    <CustomBuild Include="C:\Workspace\exe1\WS\WS02\OOP\CMakeLists.txt" />
  </ItemGroup>
  <ItemGroup>
    <Filter Include="Header Files">
      <UniqueIdentifier>{C12CDCC1-1C6A-3E90-B4CD-2930AAD5FD61}</UniqueIdentifier>
    </Filter>
    <Filter Include="Source Files">
      <UniqueIdentifier>{ED65F45C-F2B6-363C-9F1F-6A3B3954C8F5}</UniqueIdentifier>
    </Filter>
  </ItemGroup>
</Project>
